
Microsoft Visual Studio Solution File, Format Version 12.00
# Visual Studio Version 17
VisualStudioVersion = 17.5.002.0
MinimumVisualStudioVersion = 10.0.40219.1
Project("{2150E333-8FDC-42A3-9474-1A3956D46DE8}") = "sandbox", "sandbox", "{CD8A1A43-2B48-4983-B9DF-12C92572ABD8}"
EndProject
Project("{9A19103F-16F7-4668-BE54-9A1E7A4F7556}") = "sandbox_project", "sandbox\sandbox_project\sandbox_project.csproj", "{EF7300E5-358A-4DC4-9140-53E35E935B44}"
EndProject
Project("{2150E333-8FDC-42A3-9474-1A3956D46DE8}") = "week01", "week01", "{713F32E4-B06A-46F7-A6B6-4B3C1956C5FD}"
EndProject
Project("{9A19103F-16F7-4668-BE54-9A1E7A4F7556}") = "analyze", "week01\analyze\analyze.csproj", "{6D496E03-7183-4984-B2C5-858EA58FB9F1}"
EndProject
Project("{9A19103F-16F7-4668-BE54-9A1E7A4F7556}") = "code", "week01\code\code.csproj", "{571FAFAE-4D3F-4AA0-9A2E-AB8027143243}"
EndProject
Project("{9A19103F-16F7-4668-BE54-9A1E7A4F7556}") = "teach", "week01\teach\teach.csproj", "{EC5DFC3F-0241-442E-BF30-14EB85612D92}"
EndProject
Project("{2150E333-8FDC-42A3-9474-1A3956D46DE8}") = "week02", "week02", "{ACA0BB1E-A992-468F-984A-6DBCCB4FDC39}"
EndProject
Project("{9A19103F-16F7-4668-BE54-9A1E7A4F7556}") = "analyze", "week02\analyze\analyze.csproj", "{81EAC6D8-22DF-4C27-AC02-5E873307C6DD}"
EndProject
Project("{9A19103F-16F7-4668-BE54-9A1E7A4F7556}") = "code", "week02\code\code.csproj", "{7C37D247-793A-4195-B803-AA88B8437F5A}"
EndProject
Project("{9A19103F-16F7-4668-BE54-9A1E7A4F7556}") = "learn", "week02\learn\learn.csproj", "{E01EA0FB-1D61-41D3-904B-64ADD2FD6119}"
EndProject
Project("{9A19103F-16F7-4668-BE54-9A1E7A4F7556}") = "teach", "week02\teach\teach.csproj", "{AE9AF0AC-B30D-470E-AF9A-2CB9CD02920C}"
EndProject
Project("{2150E333-8FDC-42A3-9474-1A3956D46DE8}") = "week03", "week03", "{32E6AC3E-B707-4F12-A377-AD955ADA11DB}"
EndProject
Project("{9A19103F-16F7-4668-BE54-9A1E7A4F7556}") = "code", "week03\code\code.csproj", "{9C53B9D5-B122-4463-BA09-2212ADF74DC7}"
EndProject
Project("{9A19103F-16F7-4668-BE54-9A1E7A4F7556}") = "learn", "week03\learn\learn.csproj", "{6B0964FD-B4AE-4713-948B-AE7B9D53C32A}"
EndProject
Project("{9A19103F-16F7-4668-BE54-9A1E7A4F7556}") = "teach", "week03\teach\teach.csproj", "{9AB0BAD5-79DB-4901-A35D-FB3E2A6B3EBC}"
EndProject
Project("{2150E333-8FDC-42A3-9474-1A3956D46DE8}") = "week04", "week04", "{FA1919D0-305B-42AE-A68B-EE979107D43E}"
EndProject
Project("{9A19103F-16F7-4668-BE54-9A1E7A4F7556}") = "code", "week04\code\code.csproj", "{D812A132-0184-4968-8AB6-26AAEC333F4F}"
EndProject
Project("{2150E333-8FDC-42A3-9474-1A3956D46DE8}") = "week05", "week05", "{ABFA0757-FEA5-4B9C-92A9-4CE16BCD5110}"
EndProject
Project("{9A19103F-16F7-4668-BE54-9A1E7A4F7556}") = "code", "week05\code\code.csproj", "{63D0E229-E433-4D0A-B32D-F1C372275954}"
EndProject
Project("{2150E333-8FDC-42A3-9474-1A3956D46DE8}") = "week06", "week06", "{6AC71F8E-3A25-41B0-8FB2-61363517E4FE}"
EndProject
Project("{9A19103F-16F7-4668-BE54-9A1E7A4F7556}") = "code", "week06\code\code.csproj", "{8D82E60D-9A6B-40AC-BB8D-C3217C65E347}"
EndProject
Global
	GlobalSection(SolutionConfigurationPlatforms) = preSolution
		Debug|Any CPU = Debug|Any CPU
		Release|Any CPU = Release|Any CPU
	EndGlobalSection
	GlobalSection(ProjectConfigurationPlatforms) = postSolution
		{EF7300E5-358A-4DC4-9140-53E35E935B44}.Debug|Any CPU.ActiveCfg = Debug|Any CPU
		{EF7300E5-358A-4DC4-9140-53E35E935B44}.Debug|Any CPU.Build.0 = Debug|Any CPU
		{EF7300E5-358A-4DC4-9140-53E35E935B44}.Release|Any CPU.ActiveCfg = Release|Any CPU
		{EF7300E5-358A-4DC4-9140-53E35E935B44}.Release|Any CPU.Build.0 = Release|Any CPU
		{6D496E03-7183-4984-B2C5-858EA58FB9F1}.Debug|Any CPU.ActiveCfg = Debug|Any CPU
		{6D496E03-7183-4984-B2C5-858EA58FB9F1}.Debug|Any CPU.Build.0 = Debug|Any CPU
		{6D496E03-7183-4984-B2C5-858EA58FB9F1}.Release|Any CPU.ActiveCfg = Release|Any CPU
		{6D496E03-7183-4984-B2C5-858EA58FB9F1}.Release|Any CPU.Build.0 = Release|Any CPU
		{571FAFAE-4D3F-4AA0-9A2E-AB8027143243}.Debug|Any CPU.ActiveCfg = Debug|Any CPU
		{571FAFAE-4D3F-4AA0-9A2E-AB8027143243}.Debug|Any CPU.Build.0 = Debug|Any CPU
		{571FAFAE-4D3F-4AA0-9A2E-AB8027143243}.Release|Any CPU.ActiveCfg = Release|Any CPU
		{571FAFAE-4D3F-4AA0-9A2E-AB8027143243}.Release|Any CPU.Build.0 = Release|Any CPU
		{EC5DFC3F-0241-442E-BF30-14EB85612D92}.Debug|Any CPU.ActiveCfg = Debug|Any CPU
		{EC5DFC3F-0241-442E-BF30-14EB85612D92}.Debug|Any CPU.Build.0 = Debug|Any CPU
		{EC5DFC3F-0241-442E-BF30-14EB85612D92}.Release|Any CPU.ActiveCfg = Release|Any CPU
		{EC5DFC3F-0241-442E-BF30-14EB85612D92}.Release|Any CPU.Build.0 = Release|Any CPU
		{81EAC6D8-22DF-4C27-AC02-5E873307C6DD}.Debug|Any CPU.ActiveCfg = Debug|Any CPU
		{81EAC6D8-22DF-4C27-AC02-5E873307C6DD}.Debug|Any CPU.Build.0 = Debug|Any CPU
		{81EAC6D8-22DF-4C27-AC02-5E873307C6DD}.Release|Any CPU.ActiveCfg = Release|Any CPU
		{81EAC6D8-22DF-4C27-AC02-5E873307C6DD}.Release|Any CPU.Build.0 = Release|Any CPU
		{7C37D247-793A-4195-B803-AA88B8437F5A}.Debug|Any CPU.ActiveCfg = Debug|Any CPU
		{7C37D247-793A-4195-B803-AA88B8437F5A}.Debug|Any CPU.Build.0 = Debug|Any CPU
		{7C37D247-793A-4195-B803-AA88B8437F5A}.Release|Any CPU.ActiveCfg = Release|Any CPU
		{7C37D247-793A-4195-B803-AA88B8437F5A}.Release|Any CPU.Build.0 = Release|Any CPU
		{E01EA0FB-1D61-41D3-904B-64ADD2FD6119}.Debug|Any CPU.ActiveCfg = Debug|Any CPU
		{E01EA0FB-1D61-41D3-904B-64ADD2FD6119}.Debug|Any CPU.Build.0 = Debug|Any CPU
		{E01EA0FB-1D61-41D3-904B-64ADD2FD6119}.Release|Any CPU.ActiveCfg = Release|Any CPU
		{E01EA0FB-1D61-41D3-904B-64ADD2FD6119}.Release|Any CPU.Build.0 = Release|Any CPU
		{AE9AF0AC-B30D-470E-AF9A-2CB9CD02920C}.Debug|Any CPU.ActiveCfg = Debug|Any CPU
		{AE9AF0AC-B30D-470E-AF9A-2CB9CD02920C}.Debug|Any CPU.Build.0 = Debug|Any CPU
		{AE9AF0AC-B30D-470E-AF9A-2CB9CD02920C}.Release|Any CPU.ActiveCfg = Release|Any CPU
		{AE9AF0AC-B30D-470E-AF9A-2CB9CD02920C}.Release|Any CPU.Build.0 = Release|Any CPU
		{9C53B9D5-B122-4463-BA09-2212ADF74DC7}.Debug|Any CPU.ActiveCfg = Debug|Any CPU
		{9C53B9D5-B122-4463-BA09-2212ADF74DC7}.Debug|Any CPU.Build.0 = Debug|Any CPU
		{9C53B9D5-B122-4463-BA09-2212ADF74DC7}.Release|Any CPU.ActiveCfg = Release|Any CPU
		{9C53B9D5-B122-4463-BA09-2212ADF74DC7}.Release|Any CPU.Build.0 = Release|Any CPU
		{6B0964FD-B4AE-4713-948B-AE7B9D53C32A}.Debug|Any CPU.ActiveCfg = Debug|Any CPU
		{6B0964FD-B4AE-4713-948B-AE7B9D53C32A}.Debug|Any CPU.Build.0 = Debug|Any CPU
		{6B0964FD-B4AE-4713-948B-AE7B9D53C32A}.Release|Any CPU.ActiveCfg = Release|Any CPU
		{6B0964FD-B4AE-4713-948B-AE7B9D53C32A}.Release|Any CPU.Build.0 = Release|Any CPU
		{9AB0BAD5-79DB-4901-A35D-FB3E2A6B3EBC}.Debug|Any CPU.ActiveCfg = Debug|Any CPU
		{9AB0BAD5-79DB-4901-A35D-FB3E2A6B3EBC}.Debug|Any CPU.Build.0 = Debug|Any CPU
		{9AB0BAD5-79DB-4901-A35D-FB3E2A6B3EBC}.Release|Any CPU.ActiveCfg = Release|Any CPU
		{9AB0BAD5-79DB-4901-A35D-FB3E2A6B3EBC}.Release|Any CPU.Build.0 = Release|Any CPU
		{D812A132-0184-4968-8AB6-26AAEC333F4F}.Debug|Any CPU.ActiveCfg = Debug|Any CPU
		{D812A132-0184-4968-8AB6-26AAEC333F4F}.Debug|Any CPU.Build.0 = Debug|Any CPU
		{D812A132-0184-4968-8AB6-26AAEC333F4F}.Release|Any CPU.ActiveCfg = Release|Any CPU
		{D812A132-0184-4968-8AB6-26AAEC333F4F}.Release|Any CPU.Build.0 = Release|Any CPU
		{63D0E229-E433-4D0A-B32D-F1C372275954}.Debug|Any CPU.ActiveCfg = Debug|Any CPU
		{63D0E229-E433-4D0A-B32D-F1C372275954}.Debug|Any CPU.Build.0 = Debug|Any CPU
		{63D0E229-E433-4D0A-B32D-F1C372275954}.Release|Any CPU.ActiveCfg = Release|Any CPU
		{63D0E229-E433-4D0A-B32D-F1C372275954}.Release|Any CPU.Build.0 = Release|Any CPU
		{8D82E60D-9A6B-40AC-BB8D-C3217C65E347}.Debug|Any CPU.ActiveCfg = Debug|Any CPU
		{8D82E60D-9A6B-40AC-BB8D-C3217C65E347}.Debug|Any CPU.Build.0 = Debug|Any CPU
		{8D82E60D-9A6B-40AC-BB8D-C3217C65E347}.Release|Any CPU.ActiveCfg = Release|Any CPU
		{8D82E60D-9A6B-40AC-BB8D-C3217C65E347}.Release|Any CPU.Build.0 = Release|Any CPU
	EndGlobalSection
	GlobalSection(SolutionProperties) = preSolution
		HideSolutionNode = FALSE
	EndGlobalSection
	GlobalSection(NestedProjects) = preSolution
		{EF7300E5-358A-4DC4-9140-53E35E935B44} = {CD8A1A43-2B48-4983-B9DF-12C92572ABD8}
		{6D496E03-7183-4984-B2C5-858EA58FB9F1} = {713F32E4-B06A-46F7-A6B6-4B3C1956C5FD}
		{571FAFAE-4D3F-4AA0-9A2E-AB8027143243} = {713F32E4-B06A-46F7-A6B6-4B3C1956C5FD}
		{EC5DFC3F-0241-442E-BF30-14EB85612D92} = {713F32E4-B06A-46F7-A6B6-4B3C1956C5FD}
		{81EAC6D8-22DF-4C27-AC02-5E873307C6DD} = {ACA0BB1E-A992-468F-984A-6DBCCB4FDC39}
		{7C37D247-793A-4195-B803-AA88B8437F5A} = {ACA0BB1E-A992-468F-984A-6DBCCB4FDC39}
		{E01EA0FB-1D61-41D3-904B-64ADD2FD6119} = {ACA0BB1E-A992-468F-984A-6DBCCB4FDC39}
		{AE9AF0AC-B30D-470E-AF9A-2CB9CD02920C} = {ACA0BB1E-A992-468F-984A-6DBCCB4FDC39}
		{9C53B9D5-B122-4463-BA09-2212ADF74DC7} = {32E6AC3E-B707-4F12-A377-AD955ADA11DB}
		{6B0964FD-B4AE-4713-948B-AE7B9D53C32A} = {32E6AC3E-B707-4F12-A377-AD955ADA11DB}
		{9AB0BAD5-79DB-4901-A35D-FB3E2A6B3EBC} = {32E6AC3E-B707-4F12-A377-AD955ADA11DB}
		{D812A132-0184-4968-8AB6-26AAEC333F4F} = {FA1919D0-305B-42AE-A68B-EE979107D43E}
		{63D0E229-E433-4D0A-B32D-F1C372275954} = {ABFA0757-FEA5-4B9C-92A9-4CE16BCD5110}
		{8D82E60D-9A6B-40AC-BB8D-C3217C65E347} = {6AC71F8E-3A25-41B0-8FB2-61363517E4FE}
	EndGlobalSection
	GlobalSection(ExtensibilityGlobals) = postSolution
		SolutionGuid = {A8BA11A8-E3CA-4E09-9BDA-A508F14DD656}
	EndGlobalSection
EndGlobal
